// !$*UTF8*$!
{
	archiveVersion = 1;
	classes = {
	};
	objectVersion = 56;
	objects = {

/* Begin PBXBuildFile section */
		9A0B579E2A7A5F4400CC2DE4 /* models.swift in Sources */ = {isa = PBXBuildFile; fileRef = 9A0B579D2A7A5F4400CC2DE4 /* models.swift */; };
		9A0B57A12A7A706F00CC2DE4 /* UpdateNote.swift in Sources */ = {isa = PBXBuildFile; fileRef = 9A0B57A02A7A706F00CC2DE4 /* UpdateNote.swift */; };
		9AC9803D2A791BA400CA9165 /* notive.swift in Sources */ = {isa = PBXBuildFile; fileRef = 9AC9803C2A791BA400CA9165 /* notive.swift */; };
		9AC9803F2A791BA400CA9165 /* Home.swift in Sources */ = {isa = PBXBuildFile; fileRef = 9AC9803E2A791BA400CA9165 /* Home.swift */; };
		9AC980412A791BA600CA9165 /* Assets.xcassets in Resources */ = {isa = PBXBuildFile; fileRef = 9AC980402A791BA600CA9165 /* Assets.xcassets */; };
		9AC980452A791BA600CA9165 /* Preview Assets.xcassets in Resources */ = {isa = PBXBuildFile; fileRef = 9AC980442A791BA600CA9165 /* Preview Assets.xcassets */; };
		9AC9804F2A791BA600CA9165 /* notes_appTests.swift in Sources */ = {isa = PBXBuildFile; fileRef = 9AC9804E2A791BA600CA9165 /* notes_appTests.swift */; };
		9AC980592A791BA600CA9165 /* notes_appUITests.swift in Sources */ = {isa = PBXBuildFile; fileRef = 9AC980582A791BA600CA9165 /* notes_appUITests.swift */; };
		9AC9805B2A791BA600CA9165 /* notes_appUITestsLaunchTests.swift in Sources */ = {isa = PBXBuildFile; fileRef = 9AC9805A2A791BA600CA9165 /* notes_appUITestsLaunchTests.swift */; };
		9AC980682A79A0A100CA9165 /* AddNoteView.swift in Sources */ = {isa = PBXBuildFile; fileRef = 9AC980672A79A0A100CA9165 /* AddNoteView.swift */; };
/* End PBXBuildFile section */

/* Begin PBXContainerItemProxy section */
		9AC9804B2A791BA600CA9165 /* PBXContainerItemProxy */ = {
			isa = PBXContainerItemProxy;
			containerPortal = 9AC980312A791BA400CA9165 /* Project object */;
			proxyType = 1;
			remoteGlobalIDString = 9AC980382A791BA400CA9165;
			remoteInfo = notes_app;
		};
		9AC980552A791BA600CA9165 /* PBXContainerItemProxy */ = {
			isa = PBXContainerItemProxy;
			containerPortal = 9AC980312A791BA400CA9165 /* Project object */;
			proxyType = 1;
			remoteGlobalIDString = 9AC980382A791BA400CA9165;
			remoteInfo = notes_app;
		};
/* End PBXContainerItemProxy section */

/* Begin PBXFileReference section */
		9A0B579D2A7A5F4400CC2DE4 /* models.swift */ = {isa = PBXFileReference; lastKnownFileType = sourcecode.swift; path = models.swift; sourceTree = "<group>"; };
		9A0B57A02A7A706F00CC2DE4 /* UpdateNote.swift */ = {isa = PBXFileReference; lastKnownFileType = sourcecode.swift; path = UpdateNote.swift; sourceTree = "<group>"; };
		9AC980392A791BA400CA9165 /* notive.app */ = {isa = PBXFileReference; explicitFileType = wrapper.application; includeInIndex = 0; path = notive.app; sourceTree = BUILT_PRODUCTS_DIR; };
		9AC9803C2A791BA400CA9165 /* notive.swift */ = {isa = PBXFileReference; lastKnownFileType = sourcecode.swift; path = notive.swift; sourceTree = "<group>"; };
		9AC9803E2A791BA400CA9165 /* Home.swift */ = {isa = PBXFileReference; lastKnownFileType = sourcecode.swift; path = Home.swift; sourceTree = "<group>"; };
		9AC980402A791BA600CA9165 /* Assets.xcassets */ = {isa = PBXFileReference; lastKnownFileType = folder.assetcatalog; path = Assets.xcassets; sourceTree = "<group>"; };
		9AC980422A791BA600CA9165 /* notes_app.entitlements */ = {isa = PBXFileReference; lastKnownFileType = text.plist.entitlements; path = notes_app.entitlements; sourceTree = "<group>"; };
		9AC980442A791BA600CA9165 /* Preview Assets.xcassets */ = {isa = PBXFileReference; lastKnownFileType = folder.assetcatalog; path = "Preview Assets.xcassets"; sourceTree = "<group>"; };
		9AC9804A2A791BA600CA9165 /* notiveTests.xctest */ = {isa = PBXFileReference; explicitFileType = wrapper.cfbundle; includeInIndex = 0; path = notiveTests.xctest; sourceTree = BUILT_PRODUCTS_DIR; };
		9AC9804E2A791BA600CA9165 /* notes_appTests.swift */ = {isa = PBXFileReference; lastKnownFileType = sourcecode.swift; path = notes_appTests.swift; sourceTree = "<group>"; };
		9AC980542A791BA600CA9165 /* notiveUITests.xctest */ = {isa = PBXFileReference; explicitFileType = wrapper.cfbundle; includeInIndex = 0; path = notiveUITests.xctest; sourceTree = BUILT_PRODUCTS_DIR; };
		9AC980582A791BA600CA9165 /* notes_appUITests.swift */ = {isa = PBXFileReference; lastKnownFileType = sourcecode.swift; path = notes_appUITests.swift; sourceTree = "<group>"; };
		9AC9805A2A791BA600CA9165 /* notes_appUITestsLaunchTests.swift */ = {isa = PBXFileReference; lastKnownFileType = sourcecode.swift; path = notes_appUITestsLaunchTests.swift; sourceTree = "<group>"; };
		9AC980672A79A0A100CA9165 /* AddNoteView.swift */ = {isa = PBXFileReference; lastKnownFileType = sourcecode.swift; path = AddNoteView.swift; sourceTree = "<group>"; };
/* End PBXFileReference section */

/* Begin PBXFrameworksBuildPhase section */
		9AC980362A791BA400CA9165 /* Frameworks */ = {
			isa = PBXFrameworksBuildPhase;
			buildActionMask = 2147483647;
			files = (
			);
			runOnlyForDeploymentPostprocessing = 0;
		};
		9AC980472A791BA600CA9165 /* Frameworks */ = {
			isa = PBXFrameworksBuildPhase;
			buildActionMask = 2147483647;
			files = (
			);
			runOnlyForDeploymentPostprocessing = 0;
		};
		9AC980512A791BA600CA9165 /* Frameworks */ = {
			isa = PBXFrameworksBuildPhase;
			buildActionMask = 2147483647;
			files = (
			);
			runOnlyForDeploymentPostprocessing = 0;
		};
/* End PBXFrameworksBuildPhase section */

/* Begin PBXGroup section */
		9A0B579C2A7A5F1D00CC2DE4 /* models */ = {
			isa = PBXGroup;
			children = (
				9A0B579D2A7A5F4400CC2DE4 /* models.swift */,
			);
			path = models;
			sourceTree = "<group>";
		};
		9A0B579F2A7A5FDF00CC2DE4 /* views */ = {
			isa = PBXGroup;
			children = (
				9AC9803E2A791BA400CA9165 /* Home.swift */,
				9AC980672A79A0A100CA9165 /* AddNoteView.swift */,
				9A0B57A02A7A706F00CC2DE4 /* UpdateNote.swift */,
			);
			path = views;
			sourceTree = "<group>";
		};
		9AC980302A791BA400CA9165 = {
			isa = PBXGroup;
			children = (
				9AC9803B2A791BA400CA9165 /* notive */,
				9AC9804D2A791BA600CA9165 /* notive_Tests */,
				9AC980572A791BA600CA9165 /* notive_UITests */,
				9AC9803A2A791BA400CA9165 /* Products */,
			);
			sourceTree = "<group>";
		};
		9AC9803A2A791BA400CA9165 /* Products */ = {
			isa = PBXGroup;
			children = (
				9AC980392A791BA400CA9165 /* notive.app */,
				9AC9804A2A791BA600CA9165 /* notiveTests.xctest */,
				9AC980542A791BA600CA9165 /* notiveUITests.xctest */,
			);
			name = Products;
			sourceTree = "<group>";
		};
		9AC9803B2A791BA400CA9165 /* notive */ = {
			isa = PBXGroup;
			children = (
				9A0B579F2A7A5FDF00CC2DE4 /* views */,
				9A0B579C2A7A5F1D00CC2DE4 /* models */,
				9AC9803C2A791BA400CA9165 /* notive.swift */,
				9AC980402A791BA600CA9165 /* Assets.xcassets */,
				9AC980422A791BA600CA9165 /* notes_app.entitlements */,
				9AC980432A791BA600CA9165 /* Preview Content */,
			);
			path = notive;
			sourceTree = "<group>";
		};
		9AC980432A791BA600CA9165 /* Preview Content */ = {
			isa = PBXGroup;
			children = (
				9AC980442A791BA600CA9165 /* Preview Assets.xcassets */,
			);
			path = "Preview Content";
			sourceTree = "<group>";
		};
		9AC9804D2A791BA600CA9165 /* notive_Tests */ = {
			isa = PBXGroup;
			children = (
				9AC9804E2A791BA600CA9165 /* notes_appTests.swift */,
			);
			path = notive_Tests;
			sourceTree = "<group>";
		};
		9AC980572A791BA600CA9165 /* notive_UITests */ = {
			isa = PBXGroup;
			children = (
				9AC980582A791BA600CA9165 /* notes_appUITests.swift */,
				9AC9805A2A791BA600CA9165 /* notes_appUITestsLaunchTests.swift */,
			);
			path = notive_UITests;
			sourceTree = "<group>";
		};
/* End PBXGroup section */

/* Begin PBXNativeTarget section */
		9AC980382A791BA400CA9165 /* notive */ = {
			isa = PBXNativeTarget;
			buildConfigurationList = 9AC9805E2A791BA600CA9165 /* Build configuration list for PBXNativeTarget "notive" */;
			buildPhases = (
				9AC980352A791BA400CA9165 /* Sources */,
				9AC980362A791BA400CA9165 /* Frameworks */,
				9AC980372A791BA400CA9165 /* Resources */,
			);
			buildRules = (
			);
			dependencies = (
			);
			name = notive;
			productName = notes_app;
			productReference = 9AC980392A791BA400CA9165 /* notive.app */;
			productType = "com.apple.product-type.application";
		};
		9AC980492A791BA600CA9165 /* notiveTests */ = {
			isa = PBXNativeTarget;
			buildConfigurationList = 9AC980612A791BA600CA9165 /* Build configuration list for PBXNativeTarget "notiveTests" */;
			buildPhases = (
				9AC980462A791BA600CA9165 /* Sources */,
				9AC980472A791BA600CA9165 /* Frameworks */,
				9AC980482A791BA600CA9165 /* Resources */,
			);
			buildRules = (
			);
			dependencies = (
				9AC9804C2A791BA600CA9165 /* PBXTargetDependency */,
			);
			name = notiveTests;
			productName = notes_appTests;
			productReference = 9AC9804A2A791BA600CA9165 /* notiveTests.xctest */;
			productType = "com.apple.product-type.bundle.unit-test";
		};
		9AC980532A791BA600CA9165 /* notiveUITests */ = {
			isa = PBXNativeTarget;
			buildConfigurationList = 9AC980642A791BA600CA9165 /* Build configuration list for PBXNativeTarget "notiveUITests" */;
			buildPhases = (
				9AC980502A791BA600CA9165 /* Sources */,
				9AC980512A791BA600CA9165 /* Frameworks */,
				9AC980522A791BA600CA9165 /* Resources */,
			);
			buildRules = (
			);
			dependencies = (
				9AC980562A791BA600CA9165 /* PBXTargetDependency */,
			);
			name = notiveUITests;
			productName = notes_appUITests;
			productReference = 9AC980542A791BA600CA9165 /* notiveUITests.xctest */;
			productType = "com.apple.product-type.bundle.ui-testing";
		};
/* End PBXNativeTarget section */

/* Begin PBXProject section */
		9AC980312A791BA400CA9165 /* Project object */ = {
			isa = PBXProject;
			attributes = {
				BuildIndependentTargetsInParallel = 1;
				LastSwiftUpdateCheck = 1420;
				LastUpgradeCheck = 1420;
				TargetAttributes = {
					9AC980382A791BA400CA9165 = {
						CreatedOnToolsVersion = 14.2;
					};
					9AC980492A791BA600CA9165 = {
						CreatedOnToolsVersion = 14.2;
						TestTargetID = 9AC980382A791BA400CA9165;
					};
					9AC980532A791BA600CA9165 = {
						CreatedOnToolsVersion = 14.2;
						TestTargetID = 9AC980382A791BA400CA9165;
					};
				};
			};
			buildConfigurationList = 9AC980342A791BA400CA9165 /* Build configuration list for PBXProject "notive" */;
			compatibilityVersion = "Xcode 14.0";
			developmentRegion = en;
			hasScannedForEncodings = 0;
			knownRegions = (
				en,
				Base,
			);
			mainGroup = 9AC980302A791BA400CA9165;
			productRefGroup = 9AC9803A2A791BA400CA9165 /* Products */;
			projectDirPath = "";
			projectRoot = "";
			targets = (
				9AC980382A791BA400CA9165 /* notive */,
				9AC980492A791BA600CA9165 /* notiveTests */,
				9AC980532A791BA600CA9165 /* notiveUITests */,
			);
		};
/* End PBXProject section */

/* Begin PBXResourcesBuildPhase section */
		9AC980372A791BA400CA9165 /* Resources */ = {
			isa = PBXResourcesBuildPhase;
			buildActionMask = 2147483647;
			files = (
				9AC980452A791BA600CA9165 /* Preview Assets.xcassets in Resources */,
				9AC980412A791BA600CA9165 /* Assets.xcassets in Resources */,
			);
			runOnlyForDeploymentPostprocessing = 0;
		};
		9AC980482A791BA600CA9165 /* Resources */ = {
			isa = PBXResourcesBuildPhase;
			buildActionMask = 2147483647;
			files = (
			);
			runOnlyForDeploymentPostprocessing = 0;
		};
		9AC980522A791BA600CA9165 /* Resources */ = {
			isa = PBXResourcesBuildPhase;
			buildActionMask = 2147483647;
			files = (
			);
			runOnlyForDeploymentPostprocessing = 0;
		};
/* End PBXResourcesBuildPhase section */

/* Begin PBXSourcesBuildPhase section */
		9AC980352A791BA400CA9165 /* Sources */ = {
			isa = PBXSourcesBuildPhase;
			buildActionMask = 2147483647;
			files = (
				9AC980682A79A0A100CA9165 /* AddNoteView.swift in Sources */,
				9AC9803F2A791BA400CA9165 /* Home.swift in Sources */,
				9AC9803D2A791BA400CA9165 /* notive.swift in Sources */,
				9A0B57A12A7A706F00CC2DE4 /* UpdateNote.swift in Sources */,
				9A0B579E2A7A5F4400CC2DE4 /* models.swift in Sources */,
			);
			runOnlyForDeploymentPostprocessing = 0;
		};
		9AC980462A791BA600CA9165 /* Sources */ = {
			isa = PBXSourcesBuildPhase;
			buildActionMask = 2147483647;
			files = (
				9AC9804F2A791BA600CA9165 /* notes_appTests.swift in Sources */,
			);
			runOnlyForDeploymentPostprocessing = 0;
		};
		9AC980502A791BA600CA9165 /* Sources */ = {
			isa = PBXSourcesBuildPhase;
			buildActionMask = 2147483647;
			files = (
				9AC9805B2A791BA600CA9165 /* notes_appUITestsLaunchTests.swift in Sources */,
				9AC980592A791BA600CA9165 /* notes_appUITests.swift in Sources */,
			);
			runOnlyForDeploymentPostprocessing = 0;
		};
/* End PBXSourcesBuildPhase section */

/* Begin PBXTargetDependency section */
		9AC9804C2A791BA600CA9165 /* PBXTargetDependency */ = {
			isa = PBXTargetDependency;
			target = 9AC980382A791BA400CA9165 /* notive */;
			targetProxy = 9AC9804B2A791BA600CA9165 /* PBXContainerItemProxy */;
		};
		9AC980562A791BA600CA9165 /* PBXTargetDependency */ = {
			isa = PBXTargetDependency;
			target = 9AC980382A791BA400CA9165 /* notive */;
			targetProxy = 9AC980552A791BA600CA9165 /* PBXContainerItemProxy */;
		};
/* End PBXTargetDependency section */

/* Begin XCBuildConfiguration section */
		9AC9805C2A791BA600CA9165 /* Debug */ = {
			isa = XCBuildConfiguration;
			buildSettings = {
				ALWAYS_SEARCH_USER_PATHS = NO;
				CLANG_ANALYZER_NONNULL = YES;
				CLANG_ANALYZER_NUMBER_OBJECT_CONVERSION = YES_AGGRESSIVE;
				CLANG_CXX_LANGUAGE_STANDARD = "gnu++20";
				CLANG_ENABLE_MODULES = YES;
				CLANG_ENABLE_OBJC_ARC = YES;
				CLANG_ENABLE_OBJC_WEAK = YES;
				CLANG_WARN_BLOCK_CAPTURE_AUTORELEASING = YES;
				CLANG_WARN_BOOL_CONVERSION = YES;
				CLANG_WARN_COMMA = YES;
				CLANG_WARN_CONSTANT_CONVERSION = YES;
				CLANG_WARN_DEPRECATED_OBJC_IMPLEMENTATIONS = YES;
				CLANG_WARN_DIRECT_OBJC_ISA_USAGE = YES_ERROR;
				CLANG_WARN_DOCUMENTATION_COMMENTS = YES;
				CLANG_WARN_EMPTY_BODY = YES;
				CLANG_WARN_ENUM_CONVERSION = YES;
				CLANG_WARN_INFINITE_RECURSION = YES;
				CLANG_WARN_INT_CONVERSION = YES;
				CLANG_WARN_NON_LITERAL_NULL_CONVERSION = YES;
				CLANG_WARN_OBJC_IMPLICIT_RETAIN_SELF = YES;
				CLANG_WARN_OBJC_LITERAL_CONVERSION = YES;
				CLANG_WARN_OBJC_ROOT_CLASS = YES_ERROR;
				CLANG_WARN_QUOTED_INCLUDE_IN_FRAMEWORK_HEADER = YES;
				CLANG_WARN_RANGE_LOOP_ANALYSIS = YES;
				CLANG_WARN_STRICT_PROTOTYPES = YES;
				CLANG_WARN_SUSPICIOUS_MOVE = YES;
				CLANG_WARN_UNGUARDED_AVAILABILITY = YES_AGGRESSIVE;
				CLANG_WARN_UNREACHABLE_CODE = YES;
				CLANG_WARN__DUPLICATE_METHOD_MATCH = YES;
				COPY_PHASE_STRIP = NO;
				DEBUG_INFORMATION_FORMAT = dwarf;
				ENABLE_STRICT_OBJC_MSGSEND = YES;
				ENABLE_TESTABILITY = YES;
				GCC_C_LANGUAGE_STANDARD = gnu11;
				GCC_DYNAMIC_NO_PIC = NO;
				GCC_NO_COMMON_BLOCKS = YES;
				GCC_OPTIMIZATION_LEVEL = 0;
				GCC_PREPROCESSOR_DEFINITIONS = (
					"DEBUG=1",
					"$(inherited)",
				);
				GCC_WARN_64_TO_32_BIT_CONVERSION = YES;
				GCC_WARN_ABOUT_RETURN_TYPE = YES_ERROR;
				GCC_WARN_UNDECLARED_SELECTOR = YES;
				GCC_WARN_UNINITIALIZED_AUTOS = YES_AGGRESSIVE;
				GCC_WARN_UNUSED_FUNCTION = YES;
				GCC_WARN_UNUSED_VARIABLE = YES;
				MTL_ENABLE_DEBUG_INFO = INCLUDE_SOURCE;
				MTL_FAST_MATH = YES;
				ONLY_ACTIVE_ARCH = YES;
				SWIFT_ACTIVE_COMPILATION_CONDITIONS = DEBUG;
				SWIFT_OPTIMIZATION_LEVEL = "-Onone";
			};
			name = Debug;
		};
		9AC9805D2A791BA600CA9165 /* Release */ = {
			isa = XCBuildConfiguration;
			buildSettings = {
				ALWAYS_SEARCH_USER_PATHS = NO;
				CLANG_ANALYZER_NONNULL = YES;
				CLANG_ANALYZER_NUMBER_OBJECT_CONVERSION = YES_AGGRESSIVE;
				CLANG_CXX_LANGUAGE_STANDARD = "gnu++20";
				CLANG_ENABLE_MODULES = YES;
				CLANG_ENABLE_OBJC_ARC = YES;
				CLANG_ENABLE_OBJC_WEAK = YES;
				CLANG_WARN_BLOCK_CAPTURE_AUTORELEASING = YES;
				CLANG_WARN_BOOL_CONVERSION = YES;
				CLANG_WARN_COMMA = YES;
				CLANG_WARN_CONSTANT_CONVERSION = YES;
				CLANG_WARN_DEPRECATED_OBJC_IMPLEMENTATIONS = YES;
				CLANG_WARN_DIRECT_OBJC_ISA_USAGE = YES_ERROR;
				CLANG_WARN_DOCUMENTATION_COMMENTS = YES;
				CLANG_WARN_EMPTY_BODY = YES;
				CLANG_WARN_ENUM_CONVERSION = YES;
				CLANG_WARN_INFINITE_RECURSION = YES;
				CLANG_WARN_INT_CONVERSION = YES;
				CLANG_WARN_NON_LITERAL_NULL_CONVERSION = YES;
				CLANG_WARN_OBJC_IMPLICIT_RETAIN_SELF = YES;
				CLANG_WARN_OBJC_LITERAL_CONVERSION = YES;
				CLANG_WARN_OBJC_ROOT_CLASS = YES_ERROR;
				CLANG_WARN_QUOTED_INCLUDE_IN_FRAMEWORK_HEADER = YES;
				CLANG_WARN_RANGE_LOOP_ANALYSIS = YES;
				CLANG_WARN_STRICT_PROTOTYPES = YES;
				CLANG_WARN_SUSPICIOUS_MOVE = YES;
				CLANG_WARN_UNGUARDED_AVAILABILITY = YES_AGGRESSIVE;
				CLANG_WARN_UNREACHABLE_CODE = YES;
				CLANG_WARN__DUPLICATE_METHOD_MATCH = YES;
				COPY_PHASE_STRIP = NO;
				DEBUG_INFORMATION_FORMAT = "dwarf-with-dsym";
				ENABLE_NS_ASSERTIONS = NO;
				ENABLE_STRICT_OBJC_MSGSEND = YES;
				GCC_C_LANGUAGE_STANDARD = gnu11;
				GCC_NO_COMMON_BLOCKS = YES;
				GCC_WARN_64_TO_32_BIT_CONVERSION = YES;
				GCC_WARN_ABOUT_RETURN_TYPE = YES_ERROR;
				GCC_WARN_UNDECLARED_SELECTOR = YES;
				GCC_WARN_UNINITIALIZED_AUTOS = YES_AGGRESSIVE;
				GCC_WARN_UNUSED_FUNCTION = YES;
				GCC_WARN_UNUSED_VARIABLE = YES;
				MTL_ENABLE_DEBUG_INFO = NO;
				MTL_FAST_MATH = YES;
				SWIFT_COMPILATION_MODE = wholemodule;
				SWIFT_OPTIMIZATION_LEVEL = "-O";
			};
			name = Release;
		};
		9AC9805F2A791BA600CA9165 /* Debug */ = {
			isa = XCBuildConfiguration;
			buildSettings = {
				ASSETCATALOG_COMPILER_APPICON_NAME = AppIcon;
				ASSETCATALOG_COMPILER_GLOBAL_ACCENT_COLOR_NAME = AccentColor;
				CODE_SIGN_ENTITLEMENTS = notive/notive.entitlements;
				CODE_SIGN_STYLE = Automatic;
				CURRENT_PROJECT_VERSION = 1;
				DEVELOPMENT_ASSET_PATHS = "\"notive/Preview Content\"";
				DEVELOPMENT_TEAM = 3D565QCBK9;
				ENABLE_HARDENED_RUNTIME = YES;
				ENABLE_PREVIEWS = YES;
				GENERATE_INFOPLIST_FILE = YES;
				INFOPLIST_KEY_LSApplicationCategoryType = "public.app-category.lifestyle";
				"INFOPLIST_KEY_UIApplicationSceneManifest_Generation[sdk=iphoneos*]" = YES;
				"INFOPLIST_KEY_UIApplicationSceneManifest_Generation[sdk=iphonesimulator*]" = YES;
				"INFOPLIST_KEY_UIApplicationSupportsIndirectInputEvents[sdk=iphoneos*]" = YES;
				"INFOPLIST_KEY_UIApplicationSupportsIndirectInputEvents[sdk=iphonesimulator*]" = YES;
				"INFOPLIST_KEY_UILaunchScreen_Generation[sdk=iphoneos*]" = YES;
				"INFOPLIST_KEY_UILaunchScreen_Generation[sdk=iphonesimulator*]" = YES;
				"INFOPLIST_KEY_UIStatusBarStyle[sdk=iphoneos*]" = UIStatusBarStyleDefault;
				"INFOPLIST_KEY_UIStatusBarStyle[sdk=iphonesimulator*]" = UIStatusBarStyleDefault;
				INFOPLIST_KEY_UISupportedInterfaceOrientations_iPad = "UIInterfaceOrientationPortrait UIInterfaceOrientationPortraitUpsideDown UIInterfaceOrientationLandscapeLeft UIInterfaceOrientationLandscapeRight";
				INFOPLIST_KEY_UISupportedInterfaceOrientations_iPhone = "UIInterfaceOrientationPortrait UIInterfaceOrientationLandscapeLeft UIInterfaceOrientationLandscapeRight";
				IPHONEOS_DEPLOYMENT_TARGET = 16.2;
				LD_RUNPATH_SEARCH_PATHS = "@executable_path/Frameworks";
				"LD_RUNPATH_SEARCH_PATHS[sdk=macosx*]" = "@executable_path/../Frameworks";
				MACOSX_DEPLOYMENT_TARGET = 12.6;
				MARKETING_VERSION = 1.0;
				PRODUCT_BUNDLE_IDENTIFIER = "com.bhavuk.xyz.notes-app";
				PRODUCT_NAME = "$(TARGET_NAME)";
				SDKROOT = auto;
				SUPPORTED_PLATFORMS = "iphoneos iphonesimulator macosx";
				SWIFT_EMIT_LOC_STRINGS = YES;
				SWIFT_VERSION = 5.0;
				TARGETED_DEVICE_FAMILY = "1,2";
			};
			name = Debug;
		};
		9AC980602A791BA600CA9165 /* Release */ = {
			isa = XCBuildConfiguration;
			buildSettings = {
				ASSETCATALOG_COMPILER_APPICON_NAME = AppIcon;
				ASSETCATALOG_COMPILER_GLOBAL_ACCENT_COLOR_NAME = AccentColor;
				CODE_SIGN_ENTITLEMENTS = notive/notive.entitlements;
				CODE_SIGN_STYLE = Automatic;
				CURRENT_PROJECT_VERSION = 1;
				DEVELOPMENT_ASSET_PATHS = "\"notive/Preview Content\"";
				DEVELOPMENT_TEAM = 3D565QCBK9;
				ENABLE_HARDENED_RUNTIME = YES;
				ENABLE_PREVIEWS = YES;
				GENERATE_INFOPLIST_FILE = YES;
				INFOPLIST_KEY_LSApplicationCategoryType = "public.app-category.lifestyle";
				"INFOPLIST_KEY_UIApplicationSceneManifest_Generation[sdk=iphoneos*]" = YES;
				"INFOPLIST_KEY_UIApplicationSceneManifest_Generation[sdk=iphonesimulator*]" = YES;
				"INFOPLIST_KEY_UIApplicationSupportsIndirectInputEvents[sdk=iphoneos*]" = YES;
				"INFOPLIST_KEY_UIApplicationSupportsIndirectInputEvents[sdk=iphonesimulator*]" = YES;
				"INFOPLIST_KEY_UILaunchScreen_Generation[sdk=iphoneos*]" = YES;
				"INFOPLIST_KEY_UILaunchScreen_Generation[sdk=iphonesimulator*]" = YES;
				"INFOPLIST_KEY_UIStatusBarStyle[sdk=iphoneos*]" = UIStatusBarStyleDefault;
				"INFOPLIST_KEY_UIStatusBarStyle[sdk=iphonesimulator*]" = UIStatusBarStyleDefault;
				INFOPLIST_KEY_UISupportedInterfaceOrientations_iPad = "UIInterfaceOrientationPortrait UIInterfaceOrientationPortraitUpsideDown UIInterfaceOrientationLandscapeLeft UIInterfaceOrientationLandscapeRight";
				INFOPLIST_KEY_UISupportedInterfaceOrientations_iPhone = "UIInterfaceOrientationPortrait UIInterfaceOrientationLandscapeLeft UIInterfaceOrientationLandscapeRight";
				IPHONEOS_DEPLOYMENT_TARGET = 16.2;
				LD_RUNPATH_SEARCH_PATHS = "@executable_path/Frameworks";
				"LD_RUNPATH_SEARCH_PATHS[sdk=macosx*]" = "@executable_path/../Frameworks";
				MACOSX_DEPLOYMENT_TARGET = 12.6;
				MARKETING_VERSION = 1.0;
				PRODUCT_BUNDLE_IDENTIFIER = "com.bhavuk.xyz.notes-app";
				PRODUCT_NAME = "$(TARGET_NAME)";
				SDKROOT = auto;
				SUPPORTED_PLATFORMS = "iphoneos iphonesimulator macosx";
				SWIFT_EMIT_LOC_STRINGS = YES;
				SWIFT_VERSION = 5.0;
				TARGETED_DEVICE_FAMILY = "1,2";
			};
			name = Release;
		};
		9AC980622A791BA600CA9165 /* Debug */ = {
			isa = XCBuildConfiguration;
			buildSettings = {
				ALWAYS_EMBED_SWIFT_STANDARD_LIBRARIES = YES;
				BUNDLE_LOADER = "$(TEST_HOST)";
				CODE_SIGN_STYLE = Automatic;
				CURRENT_PROJECT_VERSION = 1;
				DEVELOPMENT_TEAM = 3D565QCBK9;
				GENERATE_INFOPLIST_FILE = YES;
				IPHONEOS_DEPLOYMENT_TARGET = 16.2;
				MACOSX_DEPLOYMENT_TARGET = 12.6;
				MARKETING_VERSION = 1.0;
				PRODUCT_BUNDLE_IDENTIFIER = "com.bhavuk.xyz.notes-appTests";
				PRODUCT_NAME = "$(TARGET_NAME)";
				SDKROOT = auto;
				SUPPORTED_PLATFORMS = "iphoneos iphonesimulator macosx";
				SWIFT_EMIT_LOC_STRINGS = NO;
				SWIFT_VERSION = 5.0;
				TARGETED_DEVICE_FAMILY = "1,2";
				TEST_HOST = "$(BUILT_PRODUCTS_DIR)/notive.app/$(BUNDLE_EXECUTABLE_FOLDER_PATH)/notive";
			};
			name = Debug;
		};
		9AC980632A791BA600CA9165 /* Release */ = {
			isa = XCBuildConfiguration;
			buildSettings = {
				ALWAYS_EMBED_SWIFT_STANDARD_LIBRARIES = YES;
				BUNDLE_LOADER = "$(TEST_HOST)";
				CODE_SIGN_STYLE = Automatic;
				CURRENT_PROJECT_VERSION = 1;
				DEVELOPMENT_TEAM = 3D565QCBK9;
				GENERATE_INFOPLIST_FILE = YES;
				IPHONEOS_DEPLOYMENT_TARGET = 16.2;
				MACOSX_DEPLOYMENT_TARGET = 12.6;
				MARKETING_VERSION = 1.0;
				PRODUCT_BUNDLE_IDENTIFIER = "com.bhavuk.xyz.notes-appTests";
				PRODUCT_NAME = "$(TARGET_NAME)";
				SDKROOT = auto;
				SUPPORTED_PLATFORMS = "iphoneos iphonesimulator macosx";
				SWIFT_EMIT_LOC_STRINGS = NO;
				SWIFT_VERSION = 5.0;
				TARGETED_DEVICE_FAMILY = "1,2";
				TEST_HOST = "$(BUILT_PRODUCTS_DIR)/notive.app/$(BUNDLE_EXECUTABLE_FOLDER_PATH)/notive";
			};
			name = Release;
		};
		9AC980652A791BA600CA9165 /* Debug */ = {
			isa = XCBuildConfiguration;
			buildSettings = {
				ALWAYS_EMBED_SWIFT_STANDARD_LIBRARIES = YES;
				CODE_SIGN_STYLE = Automatic;
				CURRENT_PROJECT_VERSION = 1;
				DEVELOPMENT_TEAM = 3D565QCBK9;
				GENERATE_INFOPLIST_FILE = YES;
				IPHONEOS_DEPLOYMENT_TARGET = 16.2;
				MACOSX_DEPLOYMENT_TARGET = 12.6;
				MARKETING_VERSION = 1.0;
				PRODUCT_BUNDLE_IDENTIFIER = "com.bhavuk.xyz.notes-appUITests";
				PRODUCT_NAME = "$(TARGET_NAME)";
				SDKROOT = auto;
				SUPPORTED_PLATFORMS = "iphoneos iphonesimulator macosx";
				SWIFT_EMIT_LOC_STRINGS = NO;
				SWIFT_VERSION = 5.0;
				TARGETED_DEVICE_FAMILY = "1,2";
				TEST_TARGET_NAME = notes_app;
			};
			name = Debug;
		};
		9AC980662A791BA600CA9165 /* Release */ = {
			isa = XCBuildConfiguration;
			buildSettings = {
				ALWAYS_EMBED_SWIFT_STANDARD_LIBRARIES = YES;
				CODE_SIGN_STYLE = Automatic;
				CURRENT_PROJECT_VERSION = 1;
				DEVELOPMENT_TEAM = 3D565QCBK9;
				GENERATE_INFOPLIST_FILE = YES;
				IPHONEOS_DEPLOYMENT_TARGET = 16.2;
				MACOSX_DEPLOYMENT_TARGET = 12.6;
				MARKETING_VERSION = 1.0;
				PRODUCT_BUNDLE_IDENTIFIER = "com.bhavuk.xyz.notes-appUITests";
				PRODUCT_NAME = "$(TARGET_NAME)";
				SDKROOT = auto;
				SUPPORTED_PLATFORMS = "iphoneos iphonesimulator macosx";
				SWIFT_EMIT_LOC_STRINGS = NO;
				SWIFT_VERSION = 5.0;
				TARGETED_DEVICE_FAMILY = "1,2";
				TEST_TARGET_NAME = notes_app;
			};
			name = Release;
		};
/* End XCBuildConfiguration section */

/* Begin XCConfigurationList section */
		9AC980342A791BA400CA9165 /* Build configuration list for PBXProject "notive" */ = {
			isa = XCConfigurationList;
			buildConfigurations = (
				9AC9805C2A791BA600CA9165 /* Debug */,
				9AC9805D2A791BA600CA9165 /* Release */,
			);
			defaultConfigurationIsVisible = 0;
			defaultConfigurationName = Release;
		};
		9AC9805E2A791BA600CA9165 /* Build configuration list for PBXNativeTarget "notive" */ = {
			isa = XCConfigurationList;
			buildConfigurations = (
				9AC9805F2A791BA600CA9165 /* Debug */,
				9AC980602A791BA600CA9165 /* Release */,
			);
			defaultConfigurationIsVisible = 0;
			defaultConfigurationName = Release;
		};
		9AC980612A791BA600CA9165 /* Build configuration list for PBXNativeTarget "notiveTests" */ = {
			isa = XCConfigurationList;
			buildConfigurations = (
				9AC980622A791BA600CA9165 /* Debug */,
				9AC980632A791BA600CA9165 /* Release */,
			);
			defaultConfigurationIsVisible = 0;
			defaultConfigurationName = Release;
		};
		9AC980642A791BA600CA9165 /* Build configuration list for PBXNativeTarget "notiveUITests" */ = {
			isa = XCConfigurationList;
			buildConfigurations = (
				9AC980652A791BA600CA9165 /* Debug */,
				9AC980662A791BA600CA9165 /* Release */,
			);
			defaultConfigurationIsVisible = 0;
			defaultConfigurationName = Release;
		};
/* End XCConfigurationList section */
	};
	rootObject = 9AC980312A791BA400CA9165 /* Project object */;
}
